
Microsoft Visual Studio Solution File, Format Version 12.00
# Visual Studio Version 16
VisualStudioVersion = 16.0.30114.105
MinimumVisualStudioVersion = 10.0.40219.1
Project("{2150E333-8FDC-42A3-9474-1A3956D46DE8}") = "src", "src", "{1D7CEDF3-D5AE-4CAD-84BF-BD6B20754C29}"
EndProject
Project("{FAE04EC0-301F-11D3-BF4B-00C04F79EFBC}") = "StaleBot", "src\StaleBot\StaleBot.csproj", "{3557F5F0-C5E7-4723-A5EA-960B5A4A91F9}"
EndProject
Global
	GlobalSection(SolutionConfigurationPlatforms) = preSolution
		Debug|Any CPU = Debug|Any CPU
		Release|Any CPU = Release|Any CPU
	EndGlobalSection
	GlobalSection(SolutionProperties) = preSolution
		HideSolutionNode = FALSE
	EndGlobalSection
	GlobalSection(ProjectConfigurationPlatforms) = postSolution
		{3557F5F0-C5E7-4723-A5EA-960B5A4A91F9}.Debug|Any CPU.ActiveCfg = Debug|Any CPU
		{3557F5F0-C5E7-4723-A5EA-960B5A4A91F9}.Debug|Any CPU.Build.0 = Debug|Any CPU
		{3557F5F0-C5E7-4723-A5EA-960B5A4A91F9}.Release|Any CPU.ActiveCfg = Release|Any CPU
		{3557F5F0-C5E7-4723-A5EA-960B5A4A91F9}.Release|Any CPU.Build.0 = Release|Any CPU
	EndGlobalSection
	GlobalSection(NestedProjects) = preSolution
		{3557F5F0-C5E7-4723-A5EA-960B5A4A91F9} = {1D7CEDF3-D5AE-4CAD-84BF-BD6B20754C29}
	EndGlobalSection
EndGlobal
